{
  "name": "triviaOS",
  "version": "1.0.0",
  "lockfileVersion": 1,
  "requires": true,
  "dependencies": {
    "lodash": {
      "version": "4.17.21",
      "resolved": "https://registry.npmjs.org/lodash/-/lodash-4.17.21.tgz",
      "integrity": "sha512-v2kDEe57lecTulaDIuNTPy3Ry4gLGJ6Z1O3vE1krgXZNrsQ+LFTGHVxVjcXPs17LhbZVGedAJv8XZ1tvj5FvSg=="
    },
    "twitch-bot": {
      "version": "1.2.5",
      "resolved": "https://registry.npmjs.org/twitch-bot/-/twitch-bot-1.2.5.tgz",
      "integrity": "sha512-cLsntXSMO7Eva0eoHf629qyM6wQWGZsAMZZdno3oaaqN7tXULmoX5z7fIlW43frAsPfr/LlSMc+cs6i/ukMVgA==",
      "requires": {
        "lodash": "^4.17.4"
      }
    }
  }
}
