{
  "name": "triviaOS",
  "version": "1.0.0",
  "lockfileVersion": 1,
  "requires": true,
  "dependencies": {
    "lodash": {
      "version": "4.17.15",
      "resolved": "https://registry.npmjs.org/lodash/-/lodash-4.17.15.tgz",
      "integrity": "sha512-8xOcRHvCjnocdS5cpwXQXVzmmh5e5+saE2QGoeQmbKmRS6J3VQppPOIt0MnmE+4xlZoumy0GPG0D0MVIQbNA1A=="
    },
    "twitch-bot": {
      "version": "1.2.5",
      "resolved": "https://registry.npmjs.org/twitch-bot/-/twitch-bot-1.2.5.tgz",
      "integrity": "sha512-cLsntXSMO7Eva0eoHf629qyM6wQWGZsAMZZdno3oaaqN7tXULmoX5z7fIlW43frAsPfr/LlSMc+cs6i/ukMVgA==",
      "requires": {
        "lodash": "^4.17.4"
      }
    }
  }
}
